
Microsoft Visual Studio Solution File, Format Version 12.00
# Visual Studio 15
VisualStudioVersion = 15.0.26124.0
MinimumVisualStudioVersion = 15.0.26124.0
Project("{FAE04EC0-301F-11D3-BF4B-00C04F79EFBC}") = "json", "json\json.csproj", "{708412D3-E455-4DA5-9DFF-7D5D1476A7B3}"
EndProject
Project("{FAE04EC0-301F-11D3-BF4B-00C04F79EFBC}") = "rsa", "rsa\rsa.csproj", "{10205755-BFE8-4DCA-AE80-DA3043D0A9D4}"
EndProject
Project("{FAE04EC0-301F-11D3-BF4B-00C04F79EFBC}") = "MathNet", "MathNet\MathNet.csproj", "{6C8B69B5-B734-46B8-8FE2-E1AE88BC0F13}"
EndProject
Project("{FAE04EC0-301F-11D3-BF4B-00C04F79EFBC}") = "networking", "networking\networking.csproj", "{85CF1A88-D997-469E-BB99-E482E3C46440}"
EndProject
Project("{FAE04EC0-301F-11D3-BF4B-00C04F79EFBC}") = "DateTime", "DateTime\DateTime.csproj", "{72C42B00-37E5-44CE-A1A3-A487A6F98970}"
EndProject
Project("{FAE04EC0-301F-11D3-BF4B-00C04F79EFBC}") = "filesystem", "filesystem\filesystem.csproj", "{F77EFE07-A740-4E35-9753-F9AAA48952A0}"
EndProject
Global
	GlobalSection(SolutionConfigurationPlatforms) = preSolution
		Debug|Any CPU = Debug|Any CPU
		Debug|x64 = Debug|x64
		Debug|x86 = Debug|x86
		Release|Any CPU = Release|Any CPU
		Release|x64 = Release|x64
		Release|x86 = Release|x86
	EndGlobalSection
	GlobalSection(SolutionProperties) = preSolution
		HideSolutionNode = FALSE
	EndGlobalSection
	GlobalSection(ProjectConfigurationPlatforms) = postSolution
		{708412D3-E455-4DA5-9DFF-7D5D1476A7B3}.Debug|Any CPU.ActiveCfg = Debug|Any CPU
		{708412D3-E455-4DA5-9DFF-7D5D1476A7B3}.Debug|Any CPU.Build.0 = Debug|Any CPU
		{708412D3-E455-4DA5-9DFF-7D5D1476A7B3}.Debug|x64.ActiveCfg = Debug|Any CPU
		{708412D3-E455-4DA5-9DFF-7D5D1476A7B3}.Debug|x64.Build.0 = Debug|Any CPU
		{708412D3-E455-4DA5-9DFF-7D5D1476A7B3}.Debug|x86.ActiveCfg = Debug|Any CPU
		{708412D3-E455-4DA5-9DFF-7D5D1476A7B3}.Debug|x86.Build.0 = Debug|Any CPU
		{708412D3-E455-4DA5-9DFF-7D5D1476A7B3}.Release|Any CPU.ActiveCfg = Release|Any CPU
		{708412D3-E455-4DA5-9DFF-7D5D1476A7B3}.Release|Any CPU.Build.0 = Release|Any CPU
		{708412D3-E455-4DA5-9DFF-7D5D1476A7B3}.Release|x64.ActiveCfg = Release|Any CPU
		{708412D3-E455-4DA5-9DFF-7D5D1476A7B3}.Release|x64.Build.0 = Release|Any CPU
		{708412D3-E455-4DA5-9DFF-7D5D1476A7B3}.Release|x86.ActiveCfg = Release|Any CPU
		{708412D3-E455-4DA5-9DFF-7D5D1476A7B3}.Release|x86.Build.0 = Release|Any CPU
		{10205755-BFE8-4DCA-AE80-DA3043D0A9D4}.Debug|Any CPU.ActiveCfg = Debug|Any CPU
		{10205755-BFE8-4DCA-AE80-DA3043D0A9D4}.Debug|Any CPU.Build.0 = Debug|Any CPU
		{10205755-BFE8-4DCA-AE80-DA3043D0A9D4}.Debug|x64.ActiveCfg = Debug|Any CPU
		{10205755-BFE8-4DCA-AE80-DA3043D0A9D4}.Debug|x64.Build.0 = Debug|Any CPU
		{10205755-BFE8-4DCA-AE80-DA3043D0A9D4}.Debug|x86.ActiveCfg = Debug|Any CPU
		{10205755-BFE8-4DCA-AE80-DA3043D0A9D4}.Debug|x86.Build.0 = Debug|Any CPU
		{10205755-BFE8-4DCA-AE80-DA3043D0A9D4}.Release|Any CPU.ActiveCfg = Release|Any CPU
		{10205755-BFE8-4DCA-AE80-DA3043D0A9D4}.Release|Any CPU.Build.0 = Release|Any CPU
		{10205755-BFE8-4DCA-AE80-DA3043D0A9D4}.Release|x64.ActiveCfg = Release|Any CPU
		{10205755-BFE8-4DCA-AE80-DA3043D0A9D4}.Release|x64.Build.0 = Release|Any CPU
		{10205755-BFE8-4DCA-AE80-DA3043D0A9D4}.Release|x86.ActiveCfg = Release|Any CPU
		{10205755-BFE8-4DCA-AE80-DA3043D0A9D4}.Release|x86.Build.0 = Release|Any CPU
		{6C8B69B5-B734-46B8-8FE2-E1AE88BC0F13}.Debug|Any CPU.ActiveCfg = Debug|Any CPU
		{6C8B69B5-B734-46B8-8FE2-E1AE88BC0F13}.Debug|Any CPU.Build.0 = Debug|Any CPU
		{6C8B69B5-B734-46B8-8FE2-E1AE88BC0F13}.Debug|x64.ActiveCfg = Debug|Any CPU
		{6C8B69B5-B734-46B8-8FE2-E1AE88BC0F13}.Debug|x64.Build.0 = Debug|Any CPU
		{6C8B69B5-B734-46B8-8FE2-E1AE88BC0F13}.Debug|x86.ActiveCfg = Debug|Any CPU
		{6C8B69B5-B734-46B8-8FE2-E1AE88BC0F13}.Debug|x86.Build.0 = Debug|Any CPU
		{6C8B69B5-B734-46B8-8FE2-E1AE88BC0F13}.Release|Any CPU.ActiveCfg = Release|Any CPU
		{6C8B69B5-B734-46B8-8FE2-E1AE88BC0F13}.Release|Any CPU.Build.0 = Release|Any CPU
		{6C8B69B5-B734-46B8-8FE2-E1AE88BC0F13}.Release|x64.ActiveCfg = Release|Any CPU
		{6C8B69B5-B734-46B8-8FE2-E1AE88BC0F13}.Release|x64.Build.0 = Release|Any CPU
		{6C8B69B5-B734-46B8-8FE2-E1AE88BC0F13}.Release|x86.ActiveCfg = Release|Any CPU
		{6C8B69B5-B734-46B8-8FE2-E1AE88BC0F13}.Release|x86.Build.0 = Release|Any CPU
		{85CF1A88-D997-469E-BB99-E482E3C46440}.Debug|Any CPU.ActiveCfg = Debug|Any CPU
		{85CF1A88-D997-469E-BB99-E482E3C46440}.Debug|Any CPU.Build.0 = Debug|Any CPU
		{85CF1A88-D997-469E-BB99-E482E3C46440}.Debug|x64.ActiveCfg = Debug|Any CPU
		{85CF1A88-D997-469E-BB99-E482E3C46440}.Debug|x64.Build.0 = Debug|Any CPU
		{85CF1A88-D997-469E-BB99-E482E3C46440}.Debug|x86.ActiveCfg = Debug|Any CPU
		{85CF1A88-D997-469E-BB99-E482E3C46440}.Debug|x86.Build.0 = Debug|Any CPU
		{85CF1A88-D997-469E-BB99-E482E3C46440}.Release|Any CPU.ActiveCfg = Release|Any CPU
		{85CF1A88-D997-469E-BB99-E482E3C46440}.Release|Any CPU.Build.0 = Release|Any CPU
		{85CF1A88-D997-469E-BB99-E482E3C46440}.Release|x64.ActiveCfg = Release|Any CPU
		{85CF1A88-D997-469E-BB99-E482E3C46440}.Release|x64.Build.0 = Release|Any CPU
		{85CF1A88-D997-469E-BB99-E482E3C46440}.Release|x86.ActiveCfg = Release|Any CPU
		{85CF1A88-D997-469E-BB99-E482E3C46440}.Release|x86.Build.0 = Release|Any CPU
		{72C42B00-37E5-44CE-A1A3-A487A6F98970}.Debug|Any CPU.ActiveCfg = Debug|Any CPU
		{72C42B00-37E5-44CE-A1A3-A487A6F98970}.Debug|Any CPU.Build.0 = Debug|Any CPU
		{72C42B00-37E5-44CE-A1A3-A487A6F98970}.Debug|x64.ActiveCfg = Debug|Any CPU
		{72C42B00-37E5-44CE-A1A3-A487A6F98970}.Debug|x64.Build.0 = Debug|Any CPU
		{72C42B00-37E5-44CE-A1A3-A487A6F98970}.Debug|x86.ActiveCfg = Debug|Any CPU
		{72C42B00-37E5-44CE-A1A3-A487A6F98970}.Debug|x86.Build.0 = Debug|Any CPU
		{72C42B00-37E5-44CE-A1A3-A487A6F98970}.Release|Any CPU.ActiveCfg = Release|Any CPU
		{72C42B00-37E5-44CE-A1A3-A487A6F98970}.Release|Any CPU.Build.0 = Release|Any CPU
		{72C42B00-37E5-44CE-A1A3-A487A6F98970}.Release|x64.ActiveCfg = Release|Any CPU
		{72C42B00-37E5-44CE-A1A3-A487A6F98970}.Release|x64.Build.0 = Release|Any CPU
		{72C42B00-37E5-44CE-A1A3-A487A6F98970}.Release|x86.ActiveCfg = Release|Any CPU
		{72C42B00-37E5-44CE-A1A3-A487A6F98970}.Release|x86.Build.0 = Release|Any CPU
		{F77EFE07-A740-4E35-9753-F9AAA48952A0}.Debug|Any CPU.ActiveCfg = Debug|Any CPU
		{F77EFE07-A740-4E35-9753-F9AAA48952A0}.Debug|Any CPU.Build.0 = Debug|Any CPU
		{F77EFE07-A740-4E35-9753-F9AAA48952A0}.Debug|x64.ActiveCfg = Debug|Any CPU
		{F77EFE07-A740-4E35-9753-F9AAA48952A0}.Debug|x64.Build.0 = Debug|Any CPU
		{F77EFE07-A740-4E35-9753-F9AAA48952A0}.Debug|x86.ActiveCfg = Debug|Any CPU
		{F77EFE07-A740-4E35-9753-F9AAA48952A0}.Debug|x86.Build.0 = Debug|Any CPU
		{F77EFE07-A740-4E35-9753-F9AAA48952A0}.Release|Any CPU.ActiveCfg = Release|Any CPU
		{F77EFE07-A740-4E35-9753-F9AAA48952A0}.Release|Any CPU.Build.0 = Release|Any CPU
		{F77EFE07-A740-4E35-9753-F9AAA48952A0}.Release|x64.ActiveCfg = Release|Any CPU
		{F77EFE07-A740-4E35-9753-F9AAA48952A0}.Release|x64.Build.0 = Release|Any CPU
		{F77EFE07-A740-4E35-9753-F9AAA48952A0}.Release|x86.ActiveCfg = Release|Any CPU
		{F77EFE07-A740-4E35-9753-F9AAA48952A0}.Release|x86.Build.0 = Release|Any CPU
	EndGlobalSection
EndGlobal
